{
  "name": "@agoragentic/risk-fork-managed-service-source",
  "version": "0.1.0-alpha.0",
  "lockfileVersion": 3,
  "requires": true,
  "packages": {
    "": {
      "name": "@agoragentic/risk-fork-managed-service-source",
      "version": "0.1.0-alpha.0",
      "license": "Apache-2.0",
      "engines": {
        "node": ">=20"
      }
    }
  }
}
