{
  "name": "@agoragentic/anydoc-document-evidence",
  "version": "0.1.0-alpha.0",
  "lockfileVersion": 3,
  "requires": true,
  "packages": {
    "": {
      "name": "@agoragentic/anydoc-document-evidence",
      "version": "0.1.0-alpha.0",
      "license": "Apache-2.0",
      "dependencies": {
        "@firecrawl/anydoc": "0.1.7"
      },
      "bin": {
        "agoragentic-anydoc": "cli.mjs"
      },
      "engines": {
        "node": ">=20"
      }
    },
    "node_modules/@firecrawl/anydoc": {
      "version": "0.1.7",
      "resolved": "https://registry.npmjs.org/@firecrawl/anydoc/-/anydoc-0.1.7.tgz",
      "integrity": "sha512-UbJ6I49uaeUopcxozvX3TT7bvt9Gnx2tk2wf8ykaLtrThxvY9ZIZlbY47odT+x01ce3rXH9Pkpj40A796jN7Og==",
      "license": "MIT",
      "bin": {
        "anydoc": "cli.js"
      },
      "engines": {
        "node": ">= 20"
      },
      "optionalDependencies": {
        "@firecrawl/anydoc-darwin-arm64": "0.1.7",
        "@firecrawl/anydoc-darwin-x64": "0.1.7",
        "@firecrawl/anydoc-linux-arm64-gnu": "0.1.7",
        "@firecrawl/anydoc-linux-arm64-musl": "0.1.7",
        "@firecrawl/anydoc-linux-x64-gnu": "0.1.7",
        "@firecrawl/anydoc-linux-x64-musl": "0.1.7",
        "@firecrawl/anydoc-win32-x64-msvc": "0.1.7"
      }
    },
    "node_modules/@firecrawl/anydoc-darwin-arm64": {
      "version": "0.1.7",
      "resolved": "https://registry.npmjs.org/@firecrawl/anydoc-darwin-arm64/-/anydoc-darwin-arm64-0.1.7.tgz",
      "integrity": "sha512-1qi2pg6ija1EulitX/WkA9lkA9oa0CIFluUycFir5oP7M+Zpv1J12aEgleD/aHXr0EwiWVsRgTkGy3vBxy3rBA==",
      "cpu": [
        "arm64"
      ],
      "license": "MIT",
      "optional": true,
      "os": [
        "darwin"
      ],
      "engines": {
        "node": ">= 20"
      }
    },
    "node_modules/@firecrawl/anydoc-darwin-x64": {
      "version": "0.1.7",
      "resolved": "https://registry.npmjs.org/@firecrawl/anydoc-darwin-x64/-/anydoc-darwin-x64-0.1.7.tgz",
      "integrity": "sha512-BkmkrnkcbxCQi/+YIWbtPIoM6kM5ULDLw8tjAC7EsNb+H3tyCUdUg1fkBDzhRGCBo0urocTuGkG0uVR+udH0YA==",
      "cpu": [
        "x64"
      ],
      "license": "MIT",
      "optional": true,
      "os": [
        "darwin"
      ],
      "engines": {
        "node": ">= 20"
      }
    },
    "node_modules/@firecrawl/anydoc-linux-arm64-gnu": {
      "version": "0.1.7",
      "resolved": "https://registry.npmjs.org/@firecrawl/anydoc-linux-arm64-gnu/-/anydoc-linux-arm64-gnu-0.1.7.tgz",
      "integrity": "sha512-T+2QkmGnnOCwaGX4nuq4rri3wQRp7Q9U52kI/vEGvq9699hLUkFjMP6aYxug8WBkgavQ6wU8Hd3u9wGkU9FnJQ==",
      "cpu": [
        "arm64"
      ],
      "license": "MIT",
      "optional": true,
      "os": [
        "linux"
      ],
      "engines": {
        "node": ">= 20"
      }
    },
    "node_modules/@firecrawl/anydoc-linux-arm64-musl": {
      "version": "0.1.7",
      "resolved": "https://registry.npmjs.org/@firecrawl/anydoc-linux-arm64-musl/-/anydoc-linux-arm64-musl-0.1.7.tgz",
      "integrity": "sha512-fiFUrHas8Gi8/G99CkuOkIN5HydSxvIsqN/fZI5jlhzkVm4ODRd47P0NRN0G0zPTKyzVvju9NypWfvZh5ptH8A==",
      "cpu": [
        "arm64"
      ],
      "license": "MIT",
      "optional": true,
      "os": [
        "linux"
      ],
      "engines": {
        "node": ">= 20"
      }
    },
    "node_modules/@firecrawl/anydoc-linux-x64-gnu": {
      "version": "0.1.7",
      "resolved": "https://registry.npmjs.org/@firecrawl/anydoc-linux-x64-gnu/-/anydoc-linux-x64-gnu-0.1.7.tgz",
      "integrity": "sha512-ezIvZ8IAfIHEXc7GW0Urt3cO2dcaS8Ko2YqZubCEGO3+4VjQz7x9ZZEBDFFr4xUSdlORyoOx7+a3OVbHaWdm2Q==",
      "cpu": [
        "x64"
      ],
      "license": "MIT",
      "optional": true,
      "os": [
        "linux"
      ],
      "engines": {
        "node": ">= 20"
      }
    },
    "node_modules/@firecrawl/anydoc-linux-x64-musl": {
      "version": "0.1.7",
      "resolved": "https://registry.npmjs.org/@firecrawl/anydoc-linux-x64-musl/-/anydoc-linux-x64-musl-0.1.7.tgz",
      "integrity": "sha512-5/YlfHT+u1dZ4gWgVp4QBWDQRExNDGiE5b0CvL9ZD7lOPK5N3Q+wkCl6Q5UV9/V/Ku6GgVxrI8p21TqG0ZZJlA==",
      "cpu": [
        "x64"
      ],
      "license": "MIT",
      "optional": true,
      "os": [
        "linux"
      ],
      "engines": {
        "node": ">= 20"
      }
    },
    "node_modules/@firecrawl/anydoc-win32-x64-msvc": {
      "version": "0.1.7",
      "resolved": "https://registry.npmjs.org/@firecrawl/anydoc-win32-x64-msvc/-/anydoc-win32-x64-msvc-0.1.7.tgz",
      "integrity": "sha512-mo2jdUAxd87z9CATfN9dPiwJENaF0ZmS1Ll0Z0lWxWLN2ufqicrVZBMKU4c0+B/wX4OfzACh2Kh6J2x5918CtQ==",
      "cpu": [
        "x64"
      ],
      "license": "MIT",
      "optional": true,
      "os": [
        "win32"
      ],
      "engines": {
        "node": ">= 20"
      }
    }
  }
}
