{
  "name": "@agoragentic/gstack-harness-bridge",
  "version": "0.1.0-alpha.0",
  "lockfileVersion": 3,
  "requires": true,
  "packages": {
    "": {
      "name": "@agoragentic/gstack-harness-bridge",
      "version": "0.1.0-alpha.0",
      "license": "MIT",
      "dependencies": {
        "agoragentic-harness-core": "file:../harness-core"
      },
      "bin": {
        "agoragentic-gstack-harness": "cli.mjs"
      },
      "engines": {
        "node": ">=20"
      }
    },
    "../harness-core": {
      "name": "agoragentic-harness-core",
      "version": "0.2.1",
      "license": "Apache-2.0",
      "dependencies": {
        "yaml": "^2.5.0"
      },
      "bin": {
        "agora-harness": "bin/agoragentic-harness.mjs",
        "agoragentic-harness": "bin/agoragentic-harness.mjs",
        "agoragentic-harness-core": "bin/agoragentic-harness.mjs"
      },
      "devDependencies": {
        "ajv": "^8.20.0",
        "ajv-formats": "^3.0.1"
      },
      "engines": {
        "node": ">=18.0.0"
      }
    },
    "node_modules/agoragentic-harness-core": {
      "resolved": "../harness-core",
      "link": true
    }
  }
}
