{
  "name": "@agoragentic/risk-fork-hackathon-demo",
  "version": "0.0.0-hackathon.1",
  "lockfileVersion": 3,
  "requires": true,
  "packages": {
    "": {
      "name": "@agoragentic/risk-fork-hackathon-demo",
      "version": "0.0.0-hackathon.1",
      "license": "Apache-2.0",
      "bin": {
        "risk-fork-demo": "bin/risk-fork-demo.mjs"
      },
      "engines": {
        "node": ">=20"
      }
    }
  }
}
